
Microsoft Visual Studio Solution File, Format Version 12.00
# Visual Studio Version 17
VisualStudioVersion = 17.3.32922.545
MinimumVisualStudioVersion = 10.0.40219.1
Project("{9A19103F-16F7-4668-BE54-9A1E7A4F7556}") = "Final_Project.Infra", "..\Final_Project.Infra.csproj", "{8220D16A-D70D-47C2-B66A-70BA056AFCFC}"
EndProject
Global
	GlobalSection(SolutionConfigurationPlatforms) = preSolution
		Debug|Any CPU = Debug|Any CPU
		Release|Any CPU = Release|Any CPU
	EndGlobalSection
	GlobalSection(ProjectConfigurationPlatforms) = postSolution
		{8220D16A-D70D-47C2-B66A-70BA056AFCFC}.Debug|Any CPU.ActiveCfg = Debug|Any CPU
		{8220D16A-D70D-47C2-B66A-70BA056AFCFC}.Debug|Any CPU.Build.0 = Debug|Any CPU
		{8220D16A-D70D-47C2-B66A-70BA056AFCFC}.Release|Any CPU.ActiveCfg = Release|Any CPU
		{8220D16A-D70D-47C2-B66A-70BA056AFCFC}.Release|Any CPU.Build.0 = Release|Any CPU
	EndGlobalSection
	GlobalSection(SolutionProperties) = preSolution
		HideSolutionNode = FALSE
	EndGlobalSection
	GlobalSection(ExtensibilityGlobals) = postSolution
		SolutionGuid = {49FC8E45-B4A4-4944-8D47-67CE0F09CF7A}
	EndGlobalSection
EndGlobal
